// !$*UTF8*$!
{
	archiveVersion = 1;
	classes = {
	};
	objectVersion = 46;
	objects = {

/* Begin PBXBuildFile section */
		0A09A0D41BB8EAEA008FA4C1 /* left.m in Sources */ = {isa = PBXBuildFile; fileRef = 0A09A0D31BB8EAEA008FA4C1 /* left.m */; };
		0A09A0D61BB90BBF008FA4C1 /* Images.xcassets in Resources */ = {isa = PBXBuildFile; fileRef = 0A09A0D51BB90BBF008FA4C1 /* Images.xcassets */; };
		0A09A1001BB93454008FA4C1 /* UIViewController+ECSlidingViewController.m in Sources */ = {isa = PBXBuildFile; fileRef = 0A09A0F31BB93454008FA4C1 /* UIViewController+ECSlidingViewController.m */; };
		0A09A1011BB93454008FA4C1 /* ECSlidingViewController.m in Sources */ = {isa = PBXBuildFile; fileRef = 0A09A0F51BB93454008FA4C1 /* ECSlidingViewController.m */; };
		0A09A1021BB93454008FA4C1 /* ECSlidingSegue.m in Sources */ = {isa = PBXBuildFile; fileRef = 0A09A0F71BB93454008FA4C1 /* ECSlidingSegue.m */; };
		0A09A1031BB93454008FA4C1 /* ECSlidingInteractiveTransition.m in Sources */ = {isa = PBXBuildFile; fileRef = 0A09A0F91BB93454008FA4C1 /* ECSlidingInteractiveTransition.m */; };
		0A09A1041BB93454008FA4C1 /* ECSlidingAnimationController.m in Sources */ = {isa = PBXBuildFile; fileRef = 0A09A0FC1BB93454008FA4C1 /* ECSlidingAnimationController.m */; };
		0A09A1051BB93454008FA4C1 /* ECPercentDrivenInteractiveTransition.m in Sources */ = {isa = PBXBuildFile; fileRef = 0A09A0FE1BB93454008FA4C1 /* ECPercentDrivenInteractiveTransition.m */; };
		0A0B72451BC8AAD4008B5F8A /* jiezhang.m in Sources */ = {isa = PBXBuildFile; fileRef = 0A0B72441BC8AAD4008B5F8A /* jiezhang.m */; };
		0A7376DF1BC75A2A00D07EF7 /* 123.png in Resources */ = {isa = PBXBuildFile; fileRef = 0A7376DE1BC75A2A00D07EF7 /* 123.png */; };
		0A7376E11BC7908A00D07EF7 /* 111.png in Resources */ = {isa = PBXBuildFile; fileRef = 0A7376E01BC7908A00D07EF7 /* 111.png */; };
		0A861A121BAFE74C006D52ED /* Utilities.m in Sources */ = {isa = PBXBuildFile; fileRef = 0A861A0F1BAFE74C006D52ED /* Utilities.m */; };
		0A861A131BAFE74C006D52ED /* storageMgr.m in Sources */ = {isa = PBXBuildFile; fileRef = 0A861A111BAFE74C006D52ED /* storageMgr.m */; };
		0A861A171BAFF8AE006D52ED /* 20090622172909-1737771123.jpg in Resources */ = {isa = PBXBuildFile; fileRef = 0A861A161BAFF8AE006D52ED /* 20090622172909-1737771123.jpg */; };
		0A9A72061BAF94C500E18643 /* main.m in Sources */ = {isa = PBXBuildFile; fileRef = 0A9A72051BAF94C500E18643 /* main.m */; };
		0A9A72091BAF94C500E18643 /* AppDelegate.m in Sources */ = {isa = PBXBuildFile; fileRef = 0A9A72081BAF94C500E18643 /* AppDelegate.m */; };
		0A9A720C1BAF94C500E18643 /* ViewController.m in Sources */ = {isa = PBXBuildFile; fileRef = 0A9A720B1BAF94C500E18643 /* ViewController.m */; };
		0A9A720F1BAF94C500E18643 /* Main.storyboard in Resources */ = {isa = PBXBuildFile; fileRef = 0A9A720D1BAF94C500E18643 /* Main.storyboard */; };
		0A9A72141BAF94C500E18643 /* LaunchScreen.xib in Resources */ = {isa = PBXBuildFile; fileRef = 0A9A72121BAF94C500E18643 /* LaunchScreen.xib */; };
		0A9A72201BAF94C500E18643 /* muneTests.m in Sources */ = {isa = PBXBuildFile; fileRef = 0A9A721F1BAF94C500E18643 /* muneTests.m */; };
		0A9A722C1BAFA65200E18643 /* u=2971219104,1992543583&fm=21&gp=0.jpg in Resources */ = {isa = PBXBuildFile; fileRef = 0A9A722B1BAFA65200E18643 /* u=2971219104,1992543583&fm=21&gp=0.jpg */; };
		0A9A722E1BAFAE0100E18643 /* 2_7331364e5072cc2a290a328301f7396c.jpeg in Resources */ = {isa = PBXBuildFile; fileRef = 0A9A722D1BAFAE0100E18643 /* 2_7331364e5072cc2a290a328301f7396c.jpeg */; };
		0AA7E5FA1BB27E1A00DE39F4 /* XGViewController.m in Sources */ = {isa = PBXBuildFile; fileRef = 0AA7E5F91BB27E1A00DE39F4 /* XGViewController.m */; };
		0AA7E6111BB2839900DE39F4 /* TableViewCell.m in Sources */ = {isa = PBXBuildFile; fileRef = 0AA7E6101BB2839900DE39F4 /* TableViewCell.m */; };
		0AAAB47F1BB0E7710018287F /* RegisterViewController.m in Sources */ = {isa = PBXBuildFile; fileRef = 0AAAB47E1BB0E7710018287F /* RegisterViewController.m */; };
		0AAAB4851BB0F1880018287F /* TabViewController.m in Sources */ = {isa = PBXBuildFile; fileRef = 0AAAB4841BB0F1880018287F /* TabViewController.m */; };
		0AAAB4881BB0F3A10018287F /* menu.m in Sources */ = {isa = PBXBuildFile; fileRef = 0AAAB4871BB0F3A10018287F /* menu.m */; };
		0AAAB48B1BB0F3AC0018287F /* list.m in Sources */ = {isa = PBXBuildFile; fileRef = 0AAAB48A1BB0F3AC0018287F /* list.m */; };
		0AAAB48E1BB122F90018287F /* Bolts.framework in Frameworks */ = {isa = PBXBuildFile; fileRef = 0AAAB48C1BB122F90018287F /* Bolts.framework */; };
		0AAAB48F1BB122F90018287F /* Parse.framework in Frameworks */ = {isa = PBXBuildFile; fileRef = 0AAAB48D1BB122F90018287F /* Parse.framework */; };
		0AAAB4911BB124720018287F /* libsqlite3.dylib in Frameworks */ = {isa = PBXBuildFile; fileRef = 0AAAB4901BB124720018287F /* libsqlite3.dylib */; };
		0AAAB4931BB124810018287F /* SystemConfiguration.framework in Frameworks */ = {isa = PBXBuildFile; fileRef = 0AAAB4921BB124810018287F /* SystemConfiguration.framework */; };
		0AAAB4951BB1248F0018287F /* AudioToolbox.framework in Frameworks */ = {isa = PBXBuildFile; fileRef = 0AAAB4941BB1248F0018287F /* AudioToolbox.framework */; };
/* End PBXBuildFile section */

/* Begin PBXContainerItemProxy section */
		0A9A721A1BAF94C500E18643 /* PBXContainerItemProxy */ = {
			isa = PBXContainerItemProxy;
			containerPortal = 0A9A71F81BAF94C500E18643 /* Project object */;
			proxyType = 1;
			remoteGlobalIDString = 0A9A71FF1BAF94C500E18643;
			remoteInfo = mune;
		};
/* End PBXContainerItemProxy section */

/* Begin PBXFileReference section */
		0A09A0D21BB8EAEA008FA4C1 /* left.h */ = {isa = PBXFileReference; fileEncoding = 4; lastKnownFileType = sourcecode.c.h; path = left.h; sourceTree = "<group>"; };
		0A09A0D31BB8EAEA008FA4C1 /* left.m */ = {isa = PBXFileReference; fileEncoding = 4; lastKnownFileType = sourcecode.c.objc; path = left.m; sourceTree = "<group>"; };
		0A09A0D51BB90BBF008FA4C1 /* Images.xcassets */ = {isa = PBXFileReference; lastKnownFileType = folder.assetcatalog; path = Images.xcassets; sourceTree = "<group>"; };
		0A09A0F31BB93454008FA4C1 /* UIViewController+ECSlidingViewController.m */ = {isa = PBXFileReference; fileEncoding = 4; lastKnownFileType = sourcecode.c.objc; name = "UIViewController+ECSlidingViewController.m"; path = "../../3rd/UIViewController+ECSlidingViewController.m"; sourceTree = "<group>"; };
		0A09A0F41BB93454008FA4C1 /* UIViewController+ECSlidingViewController.h */ = {isa = PBXFileReference; fileEncoding = 4; lastKnownFileType = sourcecode.c.h; name = "UIViewController+ECSlidingViewController.h"; path = "../../3rd/UIViewController+ECSlidingViewController.h"; sourceTree = "<group>"; };
		0A09A0F51BB93454008FA4C1 /* ECSlidingViewController.m */ = {isa = PBXFileReference; fileEncoding = 4; lastKnownFileType = sourcecode.c.objc; name = ECSlidingViewController.m; path = ../../3rd/ECSlidingViewController.m; sourceTree = "<group>"; };
		0A09A0F61BB93454008FA4C1 /* ECSlidingViewController.h */ = {isa = PBXFileReference; fileEncoding = 4; lastKnownFileType = sourcecode.c.h; name = ECSlidingViewController.h; path = ../../3rd/ECSlidingViewController.h; sourceTree = "<group>"; };
		0A09A0F71BB93454008FA4C1 /* ECSlidingSegue.m */ = {isa = PBXFileReference; fileEncoding = 4; lastKnownFileType = sourcecode.c.objc; name = ECSlidingSegue.m; path = ../../3rd/ECSlidingSegue.m; sourceTree = "<group>"; };
		0A09A0F81BB93454008FA4C1 /* ECSlidingSegue.h */ = {isa = PBXFileReference; fileEncoding = 4; lastKnownFileType = sourcecode.c.h; name = ECSlidingSegue.h; path = ../../3rd/ECSlidingSegue.h; sourceTree = "<group>"; };
		0A09A0F91BB93454008FA4C1 /* ECSlidingInteractiveTransition.m */ = {isa = PBXFileReference; fileEncoding = 4; lastKnownFileType = sourcecode.c.objc; name = ECSlidingInteractiveTransition.m; path = ../../3rd/ECSlidingInteractiveTransition.m; sourceTree = "<group>"; };
		0A09A0FA1BB93454008FA4C1 /* ECSlidingInteractiveTransition.h */ = {isa = PBXFileReference; fileEncoding = 4; lastKnownFileType = sourcecode.c.h; name = ECSlidingInteractiveTransition.h; path = ../../3rd/ECSlidingInteractiveTransition.h; sourceTree = "<group>"; };
		0A09A0FB1BB93454008FA4C1 /* ECSlidingConstants.h */ = {isa = PBXFileReference; fileEncoding = 4; lastKnownFileType = sourcecode.c.h; name = ECSlidingConstants.h; path = ../../3rd/ECSlidingConstants.h; sourceTree = "<group>"; };
		0A09A0FC1BB93454008FA4C1 /* ECSlidingAnimationController.m */ = {isa = PBXFileReference; fileEncoding = 4; lastKnownFileType = sourcecode.c.objc; name = ECSlidingAnimationController.m; path = ../../3rd/ECSlidingAnimationController.m; sourceTree = "<group>"; };
		0A09A0FD1BB93454008FA4C1 /* ECSlidingAnimationController.h */ = {isa = PBXFileReference; fileEncoding = 4; lastKnownFileType = sourcecode.c.h; name = ECSlidingAnimationController.h; path = ../../3rd/ECSlidingAnimationController.h; sourceTree = "<group>"; };
		0A09A0FE1BB93454008FA4C1 /* ECPercentDrivenInteractiveTransition.m */ = {isa = PBXFileReference; fileEncoding = 4; lastKnownFileType = sourcecode.c.objc; name = ECPercentDrivenInteractiveTransition.m; path = ../../3rd/ECPercentDrivenInteractiveTransition.m; sourceTree = "<group>"; };
		0A09A0FF1BB93454008FA4C1 /* ECPercentDrivenInteractiveTransition.h */ = {isa = PBXFileReference; fileEncoding = 4; lastKnownFileType = sourcecode.c.h; name = ECPercentDrivenInteractiveTransition.h; path = ../../3rd/ECPercentDrivenInteractiveTransition.h; sourceTree = "<group>"; };
		0A0B72431BC8AAD4008B5F8A /* jiezhang.h */ = {isa = PBXFileReference; fileEncoding = 4; lastKnownFileType = sourcecode.c.h; path = jiezhang.h; sourceTree = "<group>"; };
		0A0B72441BC8AAD4008B5F8A /* jiezhang.m */ = {isa = PBXFileReference; fileEncoding = 4; lastKnownFileType = sourcecode.c.objc; path = jiezhang.m; sourceTree = "<group>"; };
		0A7376DE1BC75A2A00D07EF7 /* 123.png */ = {isa = PBXFileReference; lastKnownFileType = image.png; path = 123.png; sourceTree = "<group>"; };
		0A7376E01BC7908A00D07EF7 /* 111.png */ = {isa = PBXFileReference; lastKnownFileType = image.png; path = 111.png; sourceTree = "<group>"; };
		0A861A0E1BAFE74C006D52ED /* Utilities.h */ = {isa = PBXFileReference; fileEncoding = 4; lastKnownFileType = sourcecode.c.h; path = Utilities.h; sourceTree = "<group>"; };
		0A861A0F1BAFE74C006D52ED /* Utilities.m */ = {isa = PBXFileReference; fileEncoding = 4; lastKnownFileType = sourcecode.c.objc; path = Utilities.m; sourceTree = "<group>"; };
		0A861A101BAFE74C006D52ED /* storageMgr.h */ = {isa = PBXFileReference; fileEncoding = 4; lastKnownFileType = sourcecode.c.h; path = storageMgr.h; sourceTree = "<group>"; };
		0A861A111BAFE74C006D52ED /* storageMgr.m */ = {isa = PBXFileReference; fileEncoding = 4; lastKnownFileType = sourcecode.c.objc; path = storageMgr.m; sourceTree = "<group>"; };
		0A861A141BAFE769006D52ED /* Constants.h */ = {isa = PBXFileReference; lastKnownFileType = sourcecode.c.h; path = Constants.h; sourceTree = "<group>"; };
		0A861A151BAFE78D006D52ED /* PrefixHeader.pch */ = {isa = PBXFileReference; fileEncoding = 4; lastKnownFileType = sourcecode.c.h; path = PrefixHeader.pch; sourceTree = "<group>"; };
		0A861A161BAFF8AE006D52ED /* 20090622172909-1737771123.jpg */ = {isa = PBXFileReference; lastKnownFileType = image.jpeg; path = "20090622172909-1737771123.jpg"; sourceTree = "<group>"; };
		0A9A72001BAF94C500E18643 /* mune.app */ = {isa = PBXFileReference; explicitFileType = wrapper.application; includeInIndex = 0; path = mune.app; sourceTree = BUILT_PRODUCTS_DIR; };
		0A9A72041BAF94C500E18643 /* Info.plist */ = {isa = PBXFileReference; lastKnownFileType = text.plist.xml; path = Info.plist; sourceTree = "<group>"; };
		0A9A72051BAF94C500E18643 /* main.m */ = {isa = PBXFileReference; lastKnownFileType = sourcecode.c.objc; path = main.m; sourceTree = "<group>"; };
		0A9A72071BAF94C500E18643 /* AppDelegate.h */ = {isa = PBXFileReference; lastKnownFileType = sourcecode.c.h; path = AppDelegate.h; sourceTree = "<group>"; };
		0A9A72081BAF94C500E18643 /* AppDelegate.m */ = {isa = PBXFileReference; lastKnownFileType = sourcecode.c.objc; path = AppDelegate.m; sourceTree = "<group>"; };
		0A9A720A1BAF94C500E18643 /* ViewController.h */ = {isa = PBXFileReference; lastKnownFileType = sourcecode.c.h; path = ViewController.h; sourceTree = "<group>"; };
		0A9A720B1BAF94C500E18643 /* ViewController.m */ = {isa = PBXFileReference; lastKnownFileType = sourcecode.c.objc; path = ViewController.m; sourceTree = "<group>"; };
		0A9A720E1BAF94C500E18643 /* Base */ = {isa = PBXFileReference; lastKnownFileType = file.storyboard; name = Base; path = Base.lproj/Main.storyboard; sourceTree = "<group>"; };
		0A9A72131BAF94C500E18643 /* Base */ = {isa = PBXFileReference; lastKnownFileType = file.xib; name = Base; path = Base.lproj/LaunchScreen.xib; sourceTree = "<group>"; };
		0A9A72191BAF94C500E18643 /* muneTests.xctest */ = {isa = PBXFileReference; explicitFileType = wrapper.cfbundle; includeInIndex = 0; path = muneTests.xctest; sourceTree = BUILT_PRODUCTS_DIR; };
		0A9A721E1BAF94C500E18643 /* Info.plist */ = {isa = PBXFileReference; lastKnownFileType = text.plist.xml; path = Info.plist; sourceTree = "<group>"; };
		0A9A721F1BAF94C500E18643 /* muneTests.m */ = {isa = PBXFileReference; lastKnownFileType = sourcecode.c.objc; path = muneTests.m; sourceTree = "<group>"; };
		0A9A722B1BAFA65200E18643 /* u=2971219104,1992543583&fm=21&gp=0.jpg */ = {isa = PBXFileReference; lastKnownFileType = image.jpeg; path = "u=2971219104,1992543583&fm=21&gp=0.jpg"; sourceTree = "<group>"; };
		0A9A722D1BAFAE0100E18643 /* 2_7331364e5072cc2a290a328301f7396c.jpeg */ = {isa = PBXFileReference; lastKnownFileType = image.jpeg; path = 2_7331364e5072cc2a290a328301f7396c.jpeg; sourceTree = "<group>"; };
		0AA7E5F81BB27E1A00DE39F4 /* XGViewController.h */ = {isa = PBXFileReference; fileEncoding = 4; lastKnownFileType = sourcecode.c.h; path = XGViewController.h; sourceTree = "<group>"; };
		0AA7E5F91BB27E1A00DE39F4 /* XGViewController.m */ = {isa = PBXFileReference; fileEncoding = 4; lastKnownFileType = sourcecode.c.objc; path = XGViewController.m; sourceTree = "<group>"; };
		0AA7E60F1BB2839900DE39F4 /* TableViewCell.h */ = {isa = PBXFileReference; fileEncoding = 4; lastKnownFileType = sourcecode.c.h; path = TableViewCell.h; sourceTree = "<group>"; };
		0AA7E6101BB2839900DE39F4 /* TableViewCell.m */ = {isa = PBXFileReference; fileEncoding = 4; lastKnownFileType = sourcecode.c.objc; path = TableViewCell.m; sourceTree = "<group>"; };
		0AAAB47D1BB0E7710018287F /* RegisterViewController.h */ = {isa = PBXFileReference; fileEncoding = 4; lastKnownFileType = sourcecode.c.h; path = RegisterViewController.h; sourceTree = "<group>"; };
		0AAAB47E1BB0E7710018287F /* RegisterViewController.m */ = {isa = PBXFileReference; fileEncoding = 4; lastKnownFileType = sourcecode.c.objc; path = RegisterViewController.m; sourceTree = "<group>"; };
		0AAAB4831BB0F1880018287F /* TabViewController.h */ = {isa = PBXFileReference; fileEncoding = 4; lastKnownFileType = sourcecode.c.h; path = TabViewController.h; sourceTree = "<group>"; };
		0AAAB4841BB0F1880018287F /* TabViewController.m */ = {isa = PBXFileReference; fileEncoding = 4; lastKnownFileType = sourcecode.c.objc; path = TabViewController.m; sourceTree = "<group>"; };
		0AAAB4861BB0F3A10018287F /* menu.h */ = {isa = PBXFileReference; fileEncoding = 4; lastKnownFileType = sourcecode.c.h; path = menu.h; sourceTree = "<group>"; };
		0AAAB4871BB0F3A10018287F /* menu.m */ = {isa = PBXFileReference; fileEncoding = 4; lastKnownFileType = sourcecode.c.objc; path = menu.m; sourceTree = "<group>"; };
		0AAAB4891BB0F3AC0018287F /* list.h */ = {isa = PBXFileReference; fileEncoding = 4; lastKnownFileType = sourcecode.c.h; path = list.h; sourceTree = "<group>"; };
		0AAAB48A1BB0F3AC0018287F /* list.m */ = {isa = PBXFileReference; fileEncoding = 4; lastKnownFileType = sourcecode.c.objc; path = list.m; sourceTree = "<group>"; };
		0AAAB48C1BB122F90018287F /* Bolts.framework */ = {isa = PBXFileReference; lastKnownFileType = wrapper.framework; path = Bolts.framework; sourceTree = "<group>"; };
		0AAAB48D1BB122F90018287F /* Parse.framework */ = {isa = PBXFileReference; lastKnownFileType = wrapper.framework; path = Parse.framework; sourceTree = "<group>"; };
		0AAAB4901BB124720018287F /* libsqlite3.dylib */ = {isa = PBXFileReference; lastKnownFileType = "compiled.mach-o.dylib"; name = libsqlite3.dylib; path = usr/lib/libsqlite3.dylib; sourceTree = SDKROOT; };
		0AAAB4921BB124810018287F /* SystemConfiguration.framework */ = {isa = PBXFileReference; lastKnownFileType = wrapper.framework; name = SystemConfiguration.framework; path = System/Library/Frameworks/SystemConfiguration.framework; sourceTree = SDKROOT; };
		0AAAB4941BB1248F0018287F /* AudioToolbox.framework */ = {isa = PBXFileReference; lastKnownFileType = wrapper.framework; name = AudioToolbox.framework; path = System/Library/Frameworks/AudioToolbox.framework; sourceTree = SDKROOT; };
/* End PBXFileReference section */

/* Begin PBXFrameworksBuildPhase section */
		0A9A71FD1BAF94C500E18643 /* Frameworks */ = {
			isa = PBXFrameworksBuildPhase;
			buildActionMask = 2147483647;
			files = (
				0AAAB4951BB1248F0018287F /* AudioToolbox.framework in Frameworks */,
				0AAAB4931BB124810018287F /* SystemConfiguration.framework in Frameworks */,
				0AAAB4911BB124720018287F /* libsqlite3.dylib in Frameworks */,
				0AAAB48F1BB122F90018287F /* Parse.framework in Frameworks */,
				0AAAB48E1BB122F90018287F /* Bolts.framework in Frameworks */,
			);
			runOnlyForDeploymentPostprocessing = 0;
		};
		0A9A72161BAF94C500E18643 /* Frameworks */ = {
			isa = PBXFrameworksBuildPhase;
			buildActionMask = 2147483647;
			files = (
			);
			runOnlyForDeploymentPostprocessing = 0;
		};
/* End PBXFrameworksBuildPhase section */

/* Begin PBXGroup section */
		0A09A0DB1BB91017008FA4C1 /* 3rd */ = {
			isa = PBXGroup;
			children = (
				0A09A0F21BB93413008FA4C1 /* ECSlidingViewController */,
			);
			name = 3rd;
			sourceTree = "<group>";
		};
		0A09A0F21BB93413008FA4C1 /* ECSlidingViewController */ = {
			isa = PBXGroup;
			children = (
				0A09A0F31BB93454008FA4C1 /* UIViewController+ECSlidingViewController.m */,
				0A09A0F41BB93454008FA4C1 /* UIViewController+ECSlidingViewController.h */,
				0A09A0F51BB93454008FA4C1 /* ECSlidingViewController.m */,
				0A09A0F61BB93454008FA4C1 /* ECSlidingViewController.h */,
				0A09A0F71BB93454008FA4C1 /* ECSlidingSegue.m */,
				0A09A0F81BB93454008FA4C1 /* ECSlidingSegue.h */,
				0A09A0F91BB93454008FA4C1 /* ECSlidingInteractiveTransition.m */,
				0A09A0FA1BB93454008FA4C1 /* ECSlidingInteractiveTransition.h */,
				0A09A0FB1BB93454008FA4C1 /* ECSlidingConstants.h */,
				0A09A0FC1BB93454008FA4C1 /* ECSlidingAnimationController.m */,
				0A09A0FD1BB93454008FA4C1 /* ECSlidingAnimationController.h */,
				0A09A0FE1BB93454008FA4C1 /* ECPercentDrivenInteractiveTransition.m */,
				0A09A0FF1BB93454008FA4C1 /* ECPercentDrivenInteractiveTransition.h */,
			);
			name = ECSlidingViewController;
			sourceTree = "<group>";
		};
		0A861A0A1BAFE6C0006D52ED /* view */ = {
			isa = PBXGroup;
			children = (
				0A7376E01BC7908A00D07EF7 /* 111.png */,
				0A7376DE1BC75A2A00D07EF7 /* 123.png */,
				0A09A0D51BB90BBF008FA4C1 /* Images.xcassets */,
				0A9A72121BAF94C500E18643 /* LaunchScreen.xib */,
				0A861A161BAFF8AE006D52ED /* 20090622172909-1737771123.jpg */,
			);
			name = view;
			sourceTree = "<group>";
		};
		0A861A0B1BAFE6C6006D52ED /* controller */ = {
			isa = PBXGroup;
			children = (
				0A9A720A1BAF94C500E18643 /* ViewController.h */,
				0A9A720B1BAF94C500E18643 /* ViewController.m */,
				0AAAB47D1BB0E7710018287F /* RegisterViewController.h */,
				0AAAB47E1BB0E7710018287F /* RegisterViewController.m */,
				0AAAB4831BB0F1880018287F /* TabViewController.h */,
				0AAAB4841BB0F1880018287F /* TabViewController.m */,
				0AAAB4861BB0F3A10018287F /* menu.h */,
				0AAAB4871BB0F3A10018287F /* menu.m */,
				0AAAB4891BB0F3AC0018287F /* list.h */,
				0AAAB48A1BB0F3AC0018287F /* list.m */,
				0AA7E5F81BB27E1A00DE39F4 /* XGViewController.h */,
				0AA7E5F91BB27E1A00DE39F4 /* XGViewController.m */,
				0AA7E60F1BB2839900DE39F4 /* TableViewCell.h */,
				0AA7E6101BB2839900DE39F4 /* TableViewCell.m */,
				0A09A0D21BB8EAEA008FA4C1 /* left.h */,
				0A09A0D31BB8EAEA008FA4C1 /* left.m */,
				0A9A720D1BAF94C500E18643 /* Main.storyboard */,
				0A0B72431BC8AAD4008B5F8A /* jiezhang.h */,
				0A0B72441BC8AAD4008B5F8A /* jiezhang.m */,
			);
			name = controller;
			sourceTree = "<group>";
		};
		0A861A0C1BAFE6D3006D52ED /* constans */ = {
			isa = PBXGroup;
			children = (
				0A861A141BAFE769006D52ED /* Constants.h */,
			);
			name = constans;
			sourceTree = "<group>";
		};
		0A861A0D1BAFE6DF006D52ED /* uility */ = {
			isa = PBXGroup;
			children = (
				0A861A0E1BAFE74C006D52ED /* Utilities.h */,
				0A861A0F1BAFE74C006D52ED /* Utilities.m */,
				0A861A101BAFE74C006D52ED /* storageMgr.h */,
				0A861A111BAFE74C006D52ED /* storageMgr.m */,
			);
			name = uility;
			sourceTree = "<group>";
		};
		0A9A71F71BAF94C500E18643 = {
			isa = PBXGroup;
			children = (
				0AAAB4941BB1248F0018287F /* AudioToolbox.framework */,
				0AAAB4921BB124810018287F /* SystemConfiguration.framework */,
				0AAAB4901BB124720018287F /* libsqlite3.dylib */,
				0AAAB48C1BB122F90018287F /* Bolts.framework */,
				0AAAB48D1BB122F90018287F /* Parse.framework */,
				0A9A72021BAF94C500E18643 /* mune */,
				0A9A721C1BAF94C500E18643 /* muneTests */,
				0A9A72011BAF94C500E18643 /* Products */,
			);
			sourceTree = "<group>";
		};
		0A9A72011BAF94C500E18643 /* Products */ = {
			isa = PBXGroup;
			children = (
				0A9A72001BAF94C500E18643 /* mune.app */,
				0A9A72191BAF94C500E18643 /* muneTests.xctest */,
			);
			name = Products;
			sourceTree = "<group>";
		};
		0A9A72021BAF94C500E18643 /* mune */ = {
			isa = PBXGroup;
			children = (
				0A09A0DB1BB91017008FA4C1 /* 3rd */,
				0A861A0D1BAFE6DF006D52ED /* uility */,
				0A861A0C1BAFE6D3006D52ED /* constans */,
				0A861A0B1BAFE6C6006D52ED /* controller */,
				0A861A0A1BAFE6C0006D52ED /* view */,
				0A9A722D1BAFAE0100E18643 /* 2_7331364e5072cc2a290a328301f7396c.jpeg */,
				0A9A722B1BAFA65200E18643 /* u=2971219104,1992543583&fm=21&gp=0.jpg */,
				0A9A72031BAF94C500E18643 /* Supporting Files */,
			);
			path = mune;
			sourceTree = "<group>";
		};
		0A9A72031BAF94C500E18643 /* Supporting Files */ = {
			isa = PBXGroup;
			children = (
				0A861A151BAFE78D006D52ED /* PrefixHeader.pch */,
				0A9A72071BAF94C500E18643 /* AppDelegate.h */,
				0A9A72081BAF94C500E18643 /* AppDelegate.m */,
				0A9A72041BAF94C500E18643 /* Info.plist */,
				0A9A72051BAF94C500E18643 /* main.m */,
			);
			name = "Supporting Files";
			sourceTree = "<group>";
		};
		0A9A721C1BAF94C500E18643 /* muneTests */ = {
			isa = PBXGroup;
			children = (
				0A9A721F1BAF94C500E18643 /* muneTests.m */,
				0A9A721D1BAF94C500E18643 /* Supporting Files */,
			);
			path = muneTests;
			sourceTree = "<group>";
		};
		0A9A721D1BAF94C500E18643 /* Supporting Files */ = {
			isa = PBXGroup;
			children = (
				0A9A721E1BAF94C500E18643 /* Info.plist */,
			);
			name = "Supporting Files";
			sourceTree = "<group>";
		};
/* End PBXGroup section */

/* Begin PBXNativeTarget section */
		0A9A71FF1BAF94C500E18643 /* mune */ = {
			isa = PBXNativeTarget;
			buildConfigurationList = 0A9A72231BAF94C500E18643 /* Build configuration list for PBXNativeTarget "mune" */;
			buildPhases = (
				0A9A71FC1BAF94C500E18643 /* Sources */,
				0A9A71FD1BAF94C500E18643 /* Frameworks */,
				0A9A71FE1BAF94C500E18643 /* Resources */,
			);
			buildRules = (
			);
			dependencies = (
			);
			name = mune;
			productName = mune;
			productReference = 0A9A72001BAF94C500E18643 /* mune.app */;
			productType = "com.apple.product-type.application";
		};
		0A9A72181BAF94C500E18643 /* muneTests */ = {
			isa = PBXNativeTarget;
			buildConfigurationList = 0A9A72261BAF94C500E18643 /* Build configuration list for PBXNativeTarget "muneTests" */;
			buildPhases = (
				0A9A72151BAF94C500E18643 /* Sources */,
				0A9A72161BAF94C500E18643 /* Frameworks */,
				0A9A72171BAF94C500E18643 /* Resources */,
			);
			buildRules = (
			);
			dependencies = (
				0A9A721B1BAF94C500E18643 /* PBXTargetDependency */,
			);
			name = muneTests;
			productName = muneTests;
			productReference = 0A9A72191BAF94C500E18643 /* muneTests.xctest */;
			productType = "com.apple.product-type.bundle.unit-test";
		};
/* End PBXNativeTarget section */

/* Begin PBXProject section */
		0A9A71F81BAF94C500E18643 /* Project object */ = {
			isa = PBXProject;
			attributes = {
				LastUpgradeCheck = 0640;
				ORGANIZATIONNAME = "就不给你上";
				TargetAttributes = {
					0A9A71FF1BAF94C500E18643 = {
						CreatedOnToolsVersion = 6.4;
					};
					0A9A72181BAF94C500E18643 = {
						CreatedOnToolsVersion = 6.4;
						TestTargetID = 0A9A71FF1BAF94C500E18643;
					};
				};
			};
			buildConfigurationList = 0A9A71FB1BAF94C500E18643 /* Build configuration list for PBXProject "mune" */;
			compatibilityVersion = "Xcode 3.2";
			developmentRegion = English;
			hasScannedForEncodings = 0;
			knownRegions = (
				en,
				Base,
			);
			mainGroup = 0A9A71F71BAF94C500E18643;
			productRefGroup = 0A9A72011BAF94C500E18643 /* Products */;
			projectDirPath = "";
			projectRoot = "";
			targets = (
				0A9A71FF1BAF94C500E18643 /* mune */,
				0A9A72181BAF94C500E18643 /* muneTests */,
			);
		};
/* End PBXProject section */

/* Begin PBXResourcesBuildPhase section */
		0A9A71FE1BAF94C500E18643 /* Resources */ = {
			isa = PBXResourcesBuildPhase;
			buildActionMask = 2147483647;
			files = (
				0A9A720F1BAF94C500E18643 /* Main.storyboard in Resources */,
				0A7376DF1BC75A2A00D07EF7 /* 123.png in Resources */,
				0A861A171BAFF8AE006D52ED /* 20090622172909-1737771123.jpg in Resources */,
				0A9A72141BAF94C500E18643 /* LaunchScreen.xib in Resources */,
				0A09A0D61BB90BBF008FA4C1 /* Images.xcassets in Resources */,
				0A7376E11BC7908A00D07EF7 /* 111.png in Resources */,
				0A9A722E1BAFAE0100E18643 /* 2_7331364e5072cc2a290a328301f7396c.jpeg in Resources */,
				0A9A722C1BAFA65200E18643 /* u=2971219104,1992543583&fm=21&gp=0.jpg in Resources */,
			);
			runOnlyForDeploymentPostprocessing = 0;
		};
		0A9A72171BAF94C500E18643 /* Resources */ = {
			isa = PBXResourcesBuildPhase;
			buildActionMask = 2147483647;
			files = (
			);
			runOnlyForDeploymentPostprocessing = 0;
		};
/* End PBXResourcesBuildPhase section */

/* Begin PBXSourcesBuildPhase section */
		0A9A71FC1BAF94C500E18643 /* Sources */ = {
			isa = PBXSourcesBuildPhase;
			buildActionMask = 2147483647;
			files = (
				0A09A0D41BB8EAEA008FA4C1 /* left.m in Sources */,
				0A861A131BAFE74C006D52ED /* storageMgr.m in Sources */,
				0AAAB47F1BB0E7710018287F /* RegisterViewController.m in Sources */,
				0A0B72451BC8AAD4008B5F8A /* jiezhang.m in Sources */,
				0A9A720C1BAF94C500E18643 /* ViewController.m in Sources */,
				0AA7E5FA1BB27E1A00DE39F4 /* XGViewController.m in Sources */,
				0A09A1021BB93454008FA4C1 /* ECSlidingSegue.m in Sources */,
				0A9A72091BAF94C500E18643 /* AppDelegate.m in Sources */,
				0A09A1001BB93454008FA4C1 /* UIViewController+ECSlidingViewController.m in Sources */,
				0A861A121BAFE74C006D52ED /* Utilities.m in Sources */,
				0AA7E6111BB2839900DE39F4 /* TableViewCell.m in Sources */,
				0A09A1011BB93454008FA4C1 /* ECSlidingViewController.m in Sources */,
				0A09A1051BB93454008FA4C1 /* ECPercentDrivenInteractiveTransition.m in Sources */,
				0AAAB48B1BB0F3AC0018287F /* list.m in Sources */,
				0A09A1041BB93454008FA4C1 /* ECSlidingAnimationController.m in Sources */,
				0A09A1031BB93454008FA4C1 /* ECSlidingInteractiveTransition.m in Sources */,
				0AAAB4851BB0F1880018287F /* TabViewController.m in Sources */,
				0AAAB4881BB0F3A10018287F /* menu.m in Sources */,
				0A9A72061BAF94C500E18643 /* main.m in Sources */,
			);
			runOnlyForDeploymentPostprocessing = 0;
		};
		0A9A72151BAF94C500E18643 /* Sources */ = {
			isa = PBXSourcesBuildPhase;
			buildActionMask = 2147483647;
			files = (
				0A9A72201BAF94C500E18643 /* muneTests.m in Sources */,
			);
			runOnlyForDeploymentPostprocessing = 0;
		};
/* End PBXSourcesBuildPhase section */

/* Begin PBXTargetDependency section */
		0A9A721B1BAF94C500E18643 /* PBXTargetDependency */ = {
			isa = PBXTargetDependency;
			target = 0A9A71FF1BAF94C500E18643 /* mune */;
			targetProxy = 0A9A721A1BAF94C500E18643 /* PBXContainerItemProxy */;
		};
/* End PBXTargetDependency section */

/* Begin PBXVariantGroup section */
		0A9A720D1BAF94C500E18643 /* Main.storyboard */ = {
			isa = PBXVariantGroup;
			children = (
				0A9A720E1BAF94C500E18643 /* Base */,
			);
			name = Main.storyboard;
			sourceTree = "<group>";
		};
		0A9A72121BAF94C500E18643 /* LaunchScreen.xib */ = {
			isa = PBXVariantGroup;
			children = (
				0A9A72131BAF94C500E18643 /* Base */,
			);
			name = LaunchScreen.xib;
			sourceTree = "<group>";
		};
/* End PBXVariantGroup section */

/* Begin XCBuildConfiguration section */
		0A9A72211BAF94C500E18643 /* Debug */ = {
			isa = XCBuildConfiguration;
			buildSettings = {
				ALWAYS_SEARCH_USER_PATHS = NO;
				CLANG_CXX_LANGUAGE_STANDARD = "gnu++0x";
				CLANG_CXX_LIBRARY = "libc++";
				CLANG_ENABLE_MODULES = YES;
				CLANG_ENABLE_OBJC_ARC = YES;
				CLANG_WARN_BOOL_CONVERSION = YES;
				CLANG_WARN_CONSTANT_CONVERSION = YES;
				CLANG_WARN_DIRECT_OBJC_ISA_USAGE = YES_ERROR;
				CLANG_WARN_EMPTY_BODY = YES;
				CLANG_WARN_ENUM_CONVERSION = YES;
				CLANG_WARN_INT_CONVERSION = YES;
				CLANG_WARN_OBJC_ROOT_CLASS = YES_ERROR;
				CLANG_WARN_UNREACHABLE_CODE = YES;
				CLANG_WARN__DUPLICATE_METHOD_MATCH = YES;
				"CODE_SIGN_IDENTITY[sdk=iphoneos*]" = "iPhone Developer";
				COPY_PHASE_STRIP = NO;
				DEBUG_INFORMATION_FORMAT = "dwarf-with-dsym";
				ENABLE_STRICT_OBJC_MSGSEND = YES;
				GCC_C_LANGUAGE_STANDARD = gnu99;
				GCC_DYNAMIC_NO_PIC = NO;
				GCC_NO_COMMON_BLOCKS = YES;
				GCC_OPTIMIZATION_LEVEL = 0;
				GCC_PREPROCESSOR_DEFINITIONS = (
					"DEBUG=1",
					"$(inherited)",
				);
				GCC_SYMBOLS_PRIVATE_EXTERN = NO;
				GCC_WARN_64_TO_32_BIT_CONVERSION = YES;
				GCC_WARN_ABOUT_RETURN_TYPE = YES_ERROR;
				GCC_WARN_UNDECLARED_SELECTOR = YES;
				GCC_WARN_UNINITIALIZED_AUTOS = YES_AGGRESSIVE;
				GCC_WARN_UNUSED_FUNCTION = YES;
				GCC_WARN_UNUSED_VARIABLE = YES;
				IPHONEOS_DEPLOYMENT_TARGET = 8.4;
				MTL_ENABLE_DEBUG_INFO = YES;
				ONLY_ACTIVE_ARCH = YES;
				SDKROOT = iphoneos;
			};
			name = Debug;
		};
		0A9A72221BAF94C500E18643 /* Release */ = {
			isa = XCBuildConfiguration;
			buildSettings = {
				ALWAYS_SEARCH_USER_PATHS = NO;
				CLANG_CXX_LANGUAGE_STANDARD = "gnu++0x";
				CLANG_CXX_LIBRARY = "libc++";
				CLANG_ENABLE_MODULES = YES;
				CLANG_ENABLE_OBJC_ARC = YES;
				CLANG_WARN_BOOL_CONVERSION = YES;
				CLANG_WARN_CONSTANT_CONVERSION = YES;
				CLANG_WARN_DIRECT_OBJC_ISA_USAGE = YES_ERROR;
				CLANG_WARN_EMPTY_BODY = YES;
				CLANG_WARN_ENUM_CONVERSION = YES;
				CLANG_WARN_INT_CONVERSION = YES;
				CLANG_WARN_OBJC_ROOT_CLASS = YES_ERROR;
				CLANG_WARN_UNREACHABLE_CODE = YES;
				CLANG_WARN__DUPLICATE_METHOD_MATCH = YES;
				"CODE_SIGN_IDENTITY[sdk=iphoneos*]" = "iPhone Developer";
				COPY_PHASE_STRIP = NO;
				DEBUG_INFORMATION_FORMAT = "dwarf-with-dsym";
				ENABLE_NS_ASSERTIONS = NO;
				ENABLE_STRICT_OBJC_MSGSEND = YES;
				GCC_C_LANGUAGE_STANDARD = gnu99;
				GCC_NO_COMMON_BLOCKS = YES;
				GCC_WARN_64_TO_32_BIT_CONVERSION = YES;
				GCC_WARN_ABOUT_RETURN_TYPE = YES_ERROR;
				GCC_WARN_UNDECLARED_SELECTOR = YES;
				GCC_WARN_UNINITIALIZED_AUTOS = YES_AGGRESSIVE;
				GCC_WARN_UNUSED_FUNCTION = YES;
				GCC_WARN_UNUSED_VARIABLE = YES;
				IPHONEOS_DEPLOYMENT_TARGET = 8.4;
				MTL_ENABLE_DEBUG_INFO = NO;
				SDKROOT = iphoneos;
				VALIDATE_PRODUCT = YES;
			};
			name = Release;
		};
		0A9A72241BAF94C500E18643 /* Debug */ = {
			isa = XCBuildConfiguration;
			buildSettings = {
				ASSETCATALOG_COMPILER_APPICON_NAME = AppIcon;
				FRAMEWORK_SEARCH_PATHS = (
					"$(inherited)",
					"$(PROJECT_DIR)",
				);
				GCC_PRECOMPILE_PREFIX_HEADER = YES;
				GCC_PREFIX_HEADER = mune/PrefixHeader.pch;
				INFOPLIST_FILE = mune/Info.plist;
				LD_RUNPATH_SEARCH_PATHS = "$(inherited) @executable_path/Frameworks";
				PRODUCT_NAME = "$(TARGET_NAME)";
			};
			name = Debug;
		};
		0A9A72251BAF94C500E18643 /* Release */ = {
			isa = XCBuildConfiguration;
			buildSettings = {
				ASSETCATALOG_COMPILER_APPICON_NAME = AppIcon;
				FRAMEWORK_SEARCH_PATHS = (
					"$(inherited)",
					"$(PROJECT_DIR)",
				);
				GCC_PRECOMPILE_PREFIX_HEADER = YES;
				GCC_PREFIX_HEADER = mune/PrefixHeader.pch;
				INFOPLIST_FILE = mune/Info.plist;
				LD_RUNPATH_SEARCH_PATHS = "$(inherited) @executable_path/Frameworks";
				PRODUCT_NAME = "$(TARGET_NAME)";
			};
			name = Release;
		};
		0A9A72271BAF94C500E18643 /* Debug */ = {
			isa = XCBuildConfiguration;
			buildSettings = {
				BUNDLE_LOADER = "$(TEST_HOST)";
				FRAMEWORK_SEARCH_PATHS = (
					"$(SDKROOT)/Developer/Library/Frameworks",
					"$(inherited)",
				);
				GCC_PREPROCESSOR_DEFINITIONS = (
					"DEBUG=1",
					"$(inherited)",
				);
				INFOPLIST_FILE = muneTests/Info.plist;
				LD_RUNPATH_SEARCH_PATHS = "$(inherited) @executable_path/Frameworks @loader_path/Frameworks";
				PRODUCT_NAME = "$(TARGET_NAME)";
				TEST_HOST = "$(BUILT_PRODUCTS_DIR)/mune.app/mune";
			};
			name = Debug;
		};
		0A9A72281BAF94C500E18643 /* Release */ = {
			isa = XCBuildConfiguration;
			buildSettings = {
				BUNDLE_LOADER = "$(TEST_HOST)";
				FRAMEWORK_SEARCH_PATHS = (
					"$(SDKROOT)/Developer/Library/Frameworks",
					"$(inherited)",
				);
				INFOPLIST_FILE = muneTests/Info.plist;
				LD_RUNPATH_SEARCH_PATHS = "$(inherited) @executable_path/Frameworks @loader_path/Frameworks";
				PRODUCT_NAME = "$(TARGET_NAME)";
				TEST_HOST = "$(BUILT_PRODUCTS_DIR)/mune.app/mune";
			};
			name = Release;
		};
/* End XCBuildConfiguration section */

/* Begin XCConfigurationList section */
		0A9A71FB1BAF94C500E18643 /* Build configuration list for PBXProject "mune" */ = {
			isa = XCConfigurationList;
			buildConfigurations = (
				0A9A72211BAF94C500E18643 /* Debug */,
				0A9A72221BAF94C500E18643 /* Release */,
			);
			defaultConfigurationIsVisible = 0;
			defaultConfigurationName = Release;
		};
		0A9A72231BAF94C500E18643 /* Build configuration list for PBXNativeTarget "mune" */ = {
			isa = XCConfigurationList;
			buildConfigurations = (
				0A9A72241BAF94C500E18643 /* Debug */,
				0A9A72251BAF94C500E18643 /* Release */,
			);
			defaultConfigurationIsVisible = 0;
			defaultConfigurationName = Release;
		};
		0A9A72261BAF94C500E18643 /* Build configuration list for PBXNativeTarget "muneTests" */ = {
			isa = XCConfigurationList;
			buildConfigurations = (
				0A9A72271BAF94C500E18643 /* Debug */,
				0A9A72281BAF94C500E18643 /* Release */,
			);
			defaultConfigurationIsVisible = 0;
			defaultConfigurationName = Release;
		};
/* End XCConfigurationList section */
	};
	rootObject = 0A9A71F81BAF94C500E18643 /* Project object */;
}
